// !$*UTF8*$!
{
	archiveVersion = 1;
	classes = {
	};
	objectVersion = 46;
	objects = {

/* Begin PBXBuildFile section */
		EA1A8DAC1DF4DF7900A11F70 /* Camera.swift in Sources */ = {isa = PBXBuildFile; fileRef = EA1A8D981DF4DF7900A11F70 /* Camera.swift */; };
		EA1A8DAD1DF4DF7900A11F70 /* CheckerTexture.swift in Sources */ = {isa = PBXBuildFile; fileRef = EA1A8D991DF4DF7900A11F70 /* CheckerTexture.swift */; };
		EA1A8DAE1DF4DF7900A11F70 /* Color.swift in Sources */ = {isa = PBXBuildFile; fileRef = EA1A8D9A1DF4DF7900A11F70 /* Color.swift */; };
		EA1A8DAF1DF4DF7900A11F70 /* ColorDeterminer.swift in Sources */ = {isa = PBXBuildFile; fileRef = EA1A8D9B1DF4DF7900A11F70 /* ColorDeterminer.swift */; };
		EA1A8DB01DF4DF7900A11F70 /* ConstantTexture.swift in Sources */ = {isa = PBXBuildFile; fileRef = EA1A8D9C1DF4DF7900A11F70 /* ConstantTexture.swift */; };
		EA1A8DB11DF4DF7900A11F70 /* Dielectric.swift in Sources */ = {isa = PBXBuildFile; fileRef = EA1A8D9D1DF4DF7900A11F70 /* Dielectric.swift */; };
		EA1A8DB21DF4DF7900A11F70 /* Hitable.swift in Sources */ = {isa = PBXBuildFile; fileRef = EA1A8D9E1DF4DF7900A11F70 /* Hitable.swift */; };
		EA1A8DB31DF4DF7900A11F70 /* HitableList.swift in Sources */ = {isa = PBXBuildFile; fileRef = EA1A8D9F1DF4DF7900A11F70 /* HitableList.swift */; };
		EA1A8DB41DF4DF7900A11F70 /* HitRecord.swift in Sources */ = {isa = PBXBuildFile; fileRef = EA1A8DA01DF4DF7900A11F70 /* HitRecord.swift */; };
		EA1A8DB51DF4DF7900A11F70 /* ImageGenerator.swift in Sources */ = {isa = PBXBuildFile; fileRef = EA1A8DA11DF4DF7900A11F70 /* ImageGenerator.swift */; };
		EA1A8DB61DF4DF7900A11F70 /* Lambertian.swift in Sources */ = {isa = PBXBuildFile; fileRef = EA1A8DA21DF4DF7900A11F70 /* Lambertian.swift */; };
		EA1A8DB71DF4DF7900A11F70 /* main.swift in Sources */ = {isa = PBXBuildFile; fileRef = EA1A8DA31DF4DF7900A11F70 /* main.swift */; };
		EA1A8DB81DF4DF7900A11F70 /* Material.swift in Sources */ = {isa = PBXBuildFile; fileRef = EA1A8DA41DF4DF7900A11F70 /* Material.swift */; };
		EA1A8DB91DF4DF7900A11F70 /* Metal.swift in Sources */ = {isa = PBXBuildFile; fileRef = EA1A8DA51DF4DF7900A11F70 /* Metal.swift */; };
		EA1A8DBA1DF4DF7900A11F70 /* NoiseTexture.swift in Sources */ = {isa = PBXBuildFile; fileRef = EA1A8DA61DF4DF7900A11F70 /* NoiseTexture.swift */; };
		EA1A8DBB1DF4DF7900A11F70 /* Perlin.swift in Sources */ = {isa = PBXBuildFile; fileRef = EA1A8DA71DF4DF7900A11F70 /* Perlin.swift */; };
		EA1A8DBC1DF4DF7900A11F70 /* Ray.swift in Sources */ = {isa = PBXBuildFile; fileRef = EA1A8DA81DF4DF7900A11F70 /* Ray.swift */; };
		EA1A8DBD1DF4DF7900A11F70 /* Sphere.swift in Sources */ = {isa = PBXBuildFile; fileRef = EA1A8DA91DF4DF7900A11F70 /* Sphere.swift */; };
		EA1A8DBE1DF4DF7900A11F70 /* Texture.swift in Sources */ = {isa = PBXBuildFile; fileRef = EA1A8DAA1DF4DF7900A11F70 /* Texture.swift */; };
		EA1A8DBF1DF4DF7900A11F70 /* Vector.swift in Sources */ = {isa = PBXBuildFile; fileRef = EA1A8DAB1DF4DF7900A11F70 /* Vector.swift */; };
/* End PBXBuildFile section */

/* Begin PBXCopyFilesBuildPhase section */
		EA1A8D8C1DF4DF5D00A11F70 /* CopyFiles */ = {
			isa = PBXCopyFilesBuildPhase;
			buildActionMask = 2147483647;
			dstPath = /usr/share/man/man1/;
			dstSubfolderSpec = 0;
			files = (
			);
			runOnlyForDeploymentPostprocessing = 1;
		};
/* End PBXCopyFilesBuildPhase section */

/* Begin PBXFileReference section */
		EA1A8D8E1DF4DF5D00A11F70 /* RayTracer */ = {isa = PBXFileReference; explicitFileType = "compiled.mach-o.executable"; includeInIndex = 0; path = RayTracer; sourceTree = BUILT_PRODUCTS_DIR; };
		EA1A8D981DF4DF7900A11F70 /* Camera.swift */ = {isa = PBXFileReference; fileEncoding = 4; lastKnownFileType = sourcecode.swift; name = Camera.swift; path = ../../Sources/Camera.swift; sourceTree = "<group>"; };
		EA1A8D991DF4DF7900A11F70 /* CheckerTexture.swift */ = {isa = PBXFileReference; fileEncoding = 4; lastKnownFileType = sourcecode.swift; name = CheckerTexture.swift; path = ../../Sources/CheckerTexture.swift; sourceTree = "<group>"; };
		EA1A8D9A1DF4DF7900A11F70 /* Color.swift */ = {isa = PBXFileReference; fileEncoding = 4; lastKnownFileType = sourcecode.swift; name = Color.swift; path = ../../Sources/Color.swift; sourceTree = "<group>"; };
		EA1A8D9B1DF4DF7900A11F70 /* ColorDeterminer.swift */ = {isa = PBXFileReference; fileEncoding = 4; lastKnownFileType = sourcecode.swift; name = ColorDeterminer.swift; path = ../../Sources/ColorDeterminer.swift; sourceTree = "<group>"; };
		EA1A8D9C1DF4DF7900A11F70 /* ConstantTexture.swift */ = {isa = PBXFileReference; fileEncoding = 4; lastKnownFileType = sourcecode.swift; name = ConstantTexture.swift; path = ../../Sources/ConstantTexture.swift; sourceTree = "<group>"; };
		EA1A8D9D1DF4DF7900A11F70 /* Dielectric.swift */ = {isa = PBXFileReference; fileEncoding = 4; lastKnownFileType = sourcecode.swift; name = Dielectric.swift; path = ../../Sources/Dielectric.swift; sourceTree = "<group>"; };
		EA1A8D9E1DF4DF7900A11F70 /* Hitable.swift */ = {isa = PBXFileReference; fileEncoding = 4; lastKnownFileType = sourcecode.swift; name = Hitable.swift; path = ../../Sources/Hitable.swift; sourceTree = "<group>"; };
		EA1A8D9F1DF4DF7900A11F70 /* HitableList.swift */ = {isa = PBXFileReference; fileEncoding = 4; lastKnownFileType = sourcecode.swift; name = HitableList.swift; path = ../../Sources/HitableList.swift; sourceTree = "<group>"; };
		EA1A8DA01DF4DF7900A11F70 /* HitRecord.swift */ = {isa = PBXFileReference; fileEncoding = 4; lastKnownFileType = sourcecode.swift; name = HitRecord.swift; path = ../../Sources/HitRecord.swift; sourceTree = "<group>"; };
		EA1A8DA11DF4DF7900A11F70 /* ImageGenerator.swift */ = {isa = PBXFileReference; fileEncoding = 4; lastKnownFileType = sourcecode.swift; name = ImageGenerator.swift; path = ../../Sources/ImageGenerator.swift; sourceTree = "<group>"; };
		EA1A8DA21DF4DF7900A11F70 /* Lambertian.swift */ = {isa = PBXFileReference; fileEncoding = 4; lastKnownFileType = sourcecode.swift; name = Lambertian.swift; path = ../../Sources/Lambertian.swift; sourceTree = "<group>"; };
		EA1A8DA31DF4DF7900A11F70 /* main.swift */ = {isa = PBXFileReference; fileEncoding = 4; lastKnownFileType = sourcecode.swift; name = main.swift; path = ../../Sources/main.swift; sourceTree = "<group>"; };
		EA1A8DA41DF4DF7900A11F70 /* Material.swift */ = {isa = PBXFileReference; fileEncoding = 4; lastKnownFileType = sourcecode.swift; name = Material.swift; path = ../../Sources/Material.swift; sourceTree = "<group>"; };
		EA1A8DA51DF4DF7900A11F70 /* Metal.swift */ = {isa = PBXFileReference; fileEncoding = 4; lastKnownFileType = sourcecode.swift; name = Metal.swift; path = ../../Sources/Metal.swift; sourceTree = "<group>"; };
		EA1A8DA61DF4DF7900A11F70 /* NoiseTexture.swift */ = {isa = PBXFileReference; fileEncoding = 4; lastKnownFileType = sourcecode.swift; name = NoiseTexture.swift; path = ../../Sources/NoiseTexture.swift; sourceTree = "<group>"; };
		EA1A8DA71DF4DF7900A11F70 /* Perlin.swift */ = {isa = PBXFileReference; fileEncoding = 4; lastKnownFileType = sourcecode.swift; name = Perlin.swift; path = ../../Sources/Perlin.swift; sourceTree = "<group>"; };
		EA1A8DA81DF4DF7900A11F70 /* Ray.swift */ = {isa = PBXFileReference; fileEncoding = 4; lastKnownFileType = sourcecode.swift; name = Ray.swift; path = ../../Sources/Ray.swift; sourceTree = "<group>"; };
		EA1A8DA91DF4DF7900A11F70 /* Sphere.swift */ = {isa = PBXFileReference; fileEncoding = 4; lastKnownFileType = sourcecode.swift; name = Sphere.swift; path = ../../Sources/Sphere.swift; sourceTree = "<group>"; };
		EA1A8DAA1DF4DF7900A11F70 /* Texture.swift */ = {isa = PBXFileReference; fileEncoding = 4; lastKnownFileType = sourcecode.swift; name = Texture.swift; path = ../../Sources/Texture.swift; sourceTree = "<group>"; };
		EA1A8DAB1DF4DF7900A11F70 /* Vector.swift */ = {isa = PBXFileReference; fileEncoding = 4; lastKnownFileType = sourcecode.swift; name = Vector.swift; path = ../../Sources/Vector.swift; sourceTree = "<group>"; };
/* End PBXFileReference section */

/* Begin PBXFrameworksBuildPhase section */
		EA1A8D8B1DF4DF5D00A11F70 /* Frameworks */ = {
			isa = PBXFrameworksBuildPhase;
			buildActionMask = 2147483647;
			files = (
			);
			runOnlyForDeploymentPostprocessing = 0;
		};
/* End PBXFrameworksBuildPhase section */

/* Begin PBXGroup section */
		EA1A8D851DF4DF5D00A11F70 = {
			isa = PBXGroup;
			children = (
				EA1A8D901DF4DF5D00A11F70 /* RayTracer */,
				EA1A8D8F1DF4DF5D00A11F70 /* Products */,
			);
			sourceTree = "<group>";
		};
		EA1A8D8F1DF4DF5D00A11F70 /* Products */ = {
			isa = PBXGroup;
			children = (
				EA1A8D8E1DF4DF5D00A11F70 /* RayTracer */,
			);
			name = Products;
			sourceTree = "<group>";
		};
		EA1A8D901DF4DF5D00A11F70 /* RayTracer */ = {
			isa = PBXGroup;
			children = (
				EA1A8D981DF4DF7900A11F70 /* Camera.swift */,
				EA1A8D991DF4DF7900A11F70 /* CheckerTexture.swift */,
				EA1A8D9A1DF4DF7900A11F70 /* Color.swift */,
				EA1A8D9B1DF4DF7900A11F70 /* ColorDeterminer.swift */,
				EA1A8D9C1DF4DF7900A11F70 /* ConstantTexture.swift */,
				EA1A8D9D1DF4DF7900A11F70 /* Dielectric.swift */,
				EA1A8D9E1DF4DF7900A11F70 /* Hitable.swift */,
				EA1A8D9F1DF4DF7900A11F70 /* HitableList.swift */,
				EA1A8DA01DF4DF7900A11F70 /* HitRecord.swift */,
				EA1A8DA11DF4DF7900A11F70 /* ImageGenerator.swift */,
				EA1A8DA21DF4DF7900A11F70 /* Lambertian.swift */,
				EA1A8DA31DF4DF7900A11F70 /* main.swift */,
				EA1A8DA41DF4DF7900A11F70 /* Material.swift */,
				EA1A8DA51DF4DF7900A11F70 /* Metal.swift */,
				EA1A8DA61DF4DF7900A11F70 /* NoiseTexture.swift */,
				EA1A8DA71DF4DF7900A11F70 /* Perlin.swift */,
				EA1A8DA81DF4DF7900A11F70 /* Ray.swift */,
				EA1A8DA91DF4DF7900A11F70 /* Sphere.swift */,
				EA1A8DAA1DF4DF7900A11F70 /* Texture.swift */,
				EA1A8DAB1DF4DF7900A11F70 /* Vector.swift */,
			);
			path = RayTracer;
			sourceTree = "<group>";
		};
/* End PBXGroup section */

/* Begin PBXNativeTarget section */
		EA1A8D8D1DF4DF5D00A11F70 /* RayTracer */ = {
			isa = PBXNativeTarget;
			buildConfigurationList = EA1A8D951DF4DF5D00A11F70 /* Build configuration list for PBXNativeTarget "RayTracer" */;
			buildPhases = (
				EA1A8D8A1DF4DF5D00A11F70 /* Sources */,
				EA1A8D8B1DF4DF5D00A11F70 /* Frameworks */,
				EA1A8D8C1DF4DF5D00A11F70 /* CopyFiles */,
			);
			buildRules = (
			);
			dependencies = (
			);
			name = RayTracer;
			productName = RayTracer;
			productReference = EA1A8D8E1DF4DF5D00A11F70 /* RayTracer */;
			productType = "com.apple.product-type.tool";
		};
/* End PBXNativeTarget section */

/* Begin PBXProject section */
		EA1A8D861DF4DF5D00A11F70 /* Project object */ = {
			isa = PBXProject;
			attributes = {
				LastSwiftUpdateCheck = 0810;
				LastUpgradeCheck = 0810;
				ORGANIZATIONNAME = "Anthony Green";
				TargetAttributes = {
					EA1A8D8D1DF4DF5D00A11F70 = {
						CreatedOnToolsVersion = 8.1;
						LastSwiftMigration = 0810;
						ProvisioningStyle = Automatic;
					};
				};
			};
			buildConfigurationList = EA1A8D891DF4DF5D00A11F70 /* Build configuration list for PBXProject "RayTracer" */;
			compatibilityVersion = "Xcode 3.2";
			developmentRegion = English;
			hasScannedForEncodings = 0;
			knownRegions = (
				en,
			);
			mainGroup = EA1A8D851DF4DF5D00A11F70;
			productRefGroup = EA1A8D8F1DF4DF5D00A11F70 /* Products */;
			projectDirPath = "";
			projectRoot = "";
			targets = (
				EA1A8D8D1DF4DF5D00A11F70 /* RayTracer */,
			);
		};
/* End PBXProject section */

/* Begin PBXSourcesBuildPhase section */
		EA1A8D8A1DF4DF5D00A11F70 /* Sources */ = {
			isa = PBXSourcesBuildPhase;
			buildActionMask = 2147483647;
			files = (
				EA1A8DB81DF4DF7900A11F70 /* Material.swift in Sources */,
				EA1A8DBE1DF4DF7900A11F70 /* Texture.swift in Sources */,
				EA1A8DBF1DF4DF7900A11F70 /* Vector.swift in Sources */,
				EA1A8DBB1DF4DF7900A11F70 /* Perlin.swift in Sources */,
				EA1A8DBD1DF4DF7900A11F70 /* Sphere.swift in Sources */,
				EA1A8DAC1DF4DF7900A11F70 /* Camera.swift in Sources */,
				EA1A8DB51DF4DF7900A11F70 /* ImageGenerator.swift in Sources */,
				EA1A8DB71DF4DF7900A11F70 /* main.swift in Sources */,
				EA1A8DB31DF4DF7900A11F70 /* HitableList.swift in Sources */,
				EA1A8DB11DF4DF7900A11F70 /* Dielectric.swift in Sources */,
				EA1A8DBA1DF4DF7900A11F70 /* NoiseTexture.swift in Sources */,
				EA1A8DAD1DF4DF7900A11F70 /* CheckerTexture.swift in Sources */,
				EA1A8DB41DF4DF7900A11F70 /* HitRecord.swift in Sources */,
				EA1A8DB01DF4DF7900A11F70 /* ConstantTexture.swift in Sources */,
				EA1A8DB21DF4DF7900A11F70 /* Hitable.swift in Sources */,
				EA1A8DB61DF4DF7900A11F70 /* Lambertian.swift in Sources */,
				EA1A8DB91DF4DF7900A11F70 /* Metal.swift in Sources */,
				EA1A8DAF1DF4DF7900A11F70 /* ColorDeterminer.swift in Sources */,
				EA1A8DBC1DF4DF7900A11F70 /* Ray.swift in Sources */,
				EA1A8DAE1DF4DF7900A11F70 /* Color.swift in Sources */,
			);
			runOnlyForDeploymentPostprocessing = 0;
		};
/* End PBXSourcesBuildPhase section */

/* Begin XCBuildConfiguration section */
		EA1A8D931DF4DF5D00A11F70 /* Debug */ = {
			isa = XCBuildConfiguration;
			buildSettings = {
				ALWAYS_SEARCH_USER_PATHS = NO;
				CLANG_ANALYZER_NONNULL = YES;
				CLANG_CXX_LANGUAGE_STANDARD = "gnu++0x";
				CLANG_CXX_LIBRARY = "libc++";
				CLANG_ENABLE_MODULES = YES;
				CLANG_ENABLE_OBJC_ARC = YES;
				CLANG_WARN_BOOL_CONVERSION = YES;
				CLANG_WARN_CONSTANT_CONVERSION = YES;
				CLANG_WARN_DIRECT_OBJC_ISA_USAGE = YES_ERROR;
				CLANG_WARN_DOCUMENTATION_COMMENTS = YES;
				CLANG_WARN_EMPTY_BODY = YES;
				CLANG_WARN_ENUM_CONVERSION = YES;
				CLANG_WARN_INFINITE_RECURSION = YES;
				CLANG_WARN_INT_CONVERSION = YES;
				CLANG_WARN_OBJC_ROOT_CLASS = YES_ERROR;
				CLANG_WARN_SUSPICIOUS_MOVES = YES;
				CLANG_WARN_UNREACHABLE_CODE = YES;
				CLANG_WARN__DUPLICATE_METHOD_MATCH = YES;
				CODE_SIGN_IDENTITY = "-";
				COPY_PHASE_STRIP = NO;
				DEBUG_INFORMATION_FORMAT = dwarf;
				ENABLE_STRICT_OBJC_MSGSEND = YES;
				ENABLE_TESTABILITY = YES;
				GCC_C_LANGUAGE_STANDARD = gnu99;
				GCC_DYNAMIC_NO_PIC = NO;
				GCC_NO_COMMON_BLOCKS = YES;
				GCC_OPTIMIZATION_LEVEL = 0;
				GCC_PREPROCESSOR_DEFINITIONS = (
					"DEBUG=1",
					"$(inherited)",
				);
				GCC_WARN_64_TO_32_BIT_CONVERSION = YES;
				GCC_WARN_ABOUT_RETURN_TYPE = YES_ERROR;
				GCC_WARN_UNDECLARED_SELECTOR = YES;
				GCC_WARN_UNINITIALIZED_AUTOS = YES_AGGRESSIVE;
				GCC_WARN_UNUSED_FUNCTION = YES;
				GCC_WARN_UNUSED_VARIABLE = YES;
				MACOSX_DEPLOYMENT_TARGET = 10.12;
				MTL_ENABLE_DEBUG_INFO = YES;
				ONLY_ACTIVE_ARCH = YES;
				SDKROOT = macosx;
				SWIFT_OPTIMIZATION_LEVEL = "-Onone";
			};
			name = Debug;
		};
		EA1A8D941DF4DF5D00A11F70 /* Release */ = {
			isa = XCBuildConfiguration;
			buildSettings = {
				ALWAYS_SEARCH_USER_PATHS = NO;
				CLANG_ANALYZER_NONNULL = YES;
				CLANG_CXX_LANGUAGE_STANDARD = "gnu++0x";
				CLANG_CXX_LIBRARY = "libc++";
				CLANG_ENABLE_MODULES = YES;
				CLANG_ENABLE_OBJC_ARC = YES;
				CLANG_WARN_BOOL_CONVERSION = YES;
				CLANG_WARN_CONSTANT_CONVERSION = YES;
				CLANG_WARN_DIRECT_OBJC_ISA_USAGE = YES_ERROR;
				CLANG_WARN_DOCUMENTATION_COMMENTS = YES;
				CLANG_WARN_EMPTY_BODY = YES;
				CLANG_WARN_ENUM_CONVERSION = YES;
				CLANG_WARN_INFINITE_RECURSION = YES;
				CLANG_WARN_INT_CONVERSION = YES;
				CLANG_WARN_OBJC_ROOT_CLASS = YES_ERROR;
				CLANG_WARN_SUSPICIOUS_MOVES = YES;
				CLANG_WARN_UNREACHABLE_CODE = YES;
				CLANG_WARN__DUPLICATE_METHOD_MATCH = YES;
				CODE_SIGN_IDENTITY = "-";
				COPY_PHASE_STRIP = NO;
				DEBUG_INFORMATION_FORMAT = "dwarf-with-dsym";
				ENABLE_NS_ASSERTIONS = NO;
				ENABLE_STRICT_OBJC_MSGSEND = YES;
				GCC_C_LANGUAGE_STANDARD = gnu99;
				GCC_NO_COMMON_BLOCKS = YES;
				GCC_WARN_64_TO_32_BIT_CONVERSION = YES;
				GCC_WARN_ABOUT_RETURN_TYPE = YES_ERROR;
				GCC_WARN_UNDECLARED_SELECTOR = YES;
				GCC_WARN_UNINITIALIZED_AUTOS = YES_AGGRESSIVE;
				GCC_WARN_UNUSED_FUNCTION = YES;
				GCC_WARN_UNUSED_VARIABLE = YES;
				MACOSX_DEPLOYMENT_TARGET = 10.12;
				MTL_ENABLE_DEBUG_INFO = NO;
				SDKROOT = macosx;
			};
			name = Release;
		};
		EA1A8D961DF4DF5D00A11F70 /* Debug */ = {
			isa = XCBuildConfiguration;
			buildSettings = {
				CLANG_ENABLE_MODULES = YES;
				LD_RUNPATH_SEARCH_PATHS = "$(inherited) @executable_path/../Frameworks @loader_path/../Frameworks";
				PRODUCT_NAME = "$(TARGET_NAME)";
				SWIFT_OPTIMIZATION_LEVEL = "-Onone";
				SWIFT_VERSION = 3.0;
			};
			name = Debug;
		};
		EA1A8D971DF4DF5D00A11F70 /* Release */ = {
			isa = XCBuildConfiguration;
			buildSettings = {
				CLANG_ENABLE_MODULES = YES;
				LD_RUNPATH_SEARCH_PATHS = "$(inherited) @executable_path/../Frameworks @loader_path/../Frameworks";
				PRODUCT_NAME = "$(TARGET_NAME)";
				SWIFT_VERSION = 3.0;
			};
			name = Release;
		};
/* End XCBuildConfiguration section */

/* Begin XCConfigurationList section */
		EA1A8D891DF4DF5D00A11F70 /* Build configuration list for PBXProject "RayTracer" */ = {
			isa = XCConfigurationList;
			buildConfigurations = (
				EA1A8D931DF4DF5D00A11F70 /* Debug */,
				EA1A8D941DF4DF5D00A11F70 /* Release */,
			);
			defaultConfigurationIsVisible = 0;
			defaultConfigurationName = Release;
		};
		EA1A8D951DF4DF5D00A11F70 /* Build configuration list for PBXNativeTarget "RayTracer" */ = {
			isa = XCConfigurationList;
			buildConfigurations = (
				EA1A8D961DF4DF5D00A11F70 /* Debug */,
				EA1A8D971DF4DF5D00A11F70 /* Release */,
			);
			defaultConfigurationIsVisible = 0;
		};
/* End XCConfigurationList section */
	};
	rootObject = EA1A8D861DF4DF5D00A11F70 /* Project object */;
}
